
Microsoft Visual Studio Solution File, Format Version 12.00
# Visual Studio Version 16
VisualStudioVersion = 16.0.32901.82
MinimumVisualStudioVersion = 10.0.40219.1
Project("{FAE04EC0-301F-11D3-BF4B-00C04F79EFBC}") = "TestEFCoreCodefirst", "TestEFCoreCodefirst\TestEFCoreCodefirst.csproj", "{0AFCB03F-D995-4053-A18F-9B1EA0A1F877}"
EndProject
Global
	GlobalSection(SolutionConfigurationPlatforms) = preSolution
		Debug|Any CPU = Debug|Any CPU
		Release|Any CPU = Release|Any CPU
	EndGlobalSection
	GlobalSection(ProjectConfigurationPlatforms) = postSolution
		{0AFCB03F-D995-4053-A18F-9B1EA0A1F877}.Debug|Any CPU.ActiveCfg = Debug|Any CPU
		{0AFCB03F-D995-4053-A18F-9B1EA0A1F877}.Debug|Any CPU.Build.0 = Debug|Any CPU
		{0AFCB03F-D995-4053-A18F-9B1EA0A1F877}.Release|Any CPU.ActiveCfg = Release|Any CPU
		{0AFCB03F-D995-4053-A18F-9B1EA0A1F877}.Release|Any CPU.Build.0 = Release|Any CPU
	EndGlobalSection
	GlobalSection(SolutionProperties) = preSolution
		HideSolutionNode = FALSE
	EndGlobalSection
	GlobalSection(ExtensibilityGlobals) = postSolution
		SolutionGuid = {7693781F-2CB6-4AE8-9D18-6FC1BB078ED4}
	EndGlobalSection
EndGlobal
